// !$*UTF8*$!
{
	archiveVersion = 1;
	classes = {
	};
	objectVersion = 55;
	objects = {

/* Begin PBXBuildFile section */
		3EBB4AE562137B876063A563 /* Pods_iTunesArtists_MVVM.framework in Frameworks */ = {isa = PBXBuildFile; fileRef = D28DF5F46E4E5C1107B8FEBD /* Pods_iTunesArtists_MVVM.framework */; };
		4325779BE03C7AED28F8E08A /* Pods_iTunesArtists_MVVMTests.framework in Frameworks */ = {isa = PBXBuildFile; fileRef = 28C95EFD50DC31927C79140C /* Pods_iTunesArtists_MVVMTests.framework */; };
		4E11EB1C2C26187100005268 /* MockAPIManager.swift in Sources */ = {isa = PBXBuildFile; fileRef = 4E11EB1B2C26187100005268 /* MockAPIManager.swift */; };
		4E7A507E2C2F235200003BC1 /* MBProgressHUD in Frameworks */ = {isa = PBXBuildFile; productRef = 4E7A507D2C2F235200003BC1 /* MBProgressHUD */; };
		4EAC745A2C20DA5A002290BE /* AppDelegate.swift in Sources */ = {isa = PBXBuildFile; fileRef = 4EAC74592C20DA5A002290BE /* AppDelegate.swift */; };
		4EAC745C2C20DA5A002290BE /* SceneDelegate.swift in Sources */ = {isa = PBXBuildFile; fileRef = 4EAC745B2C20DA5A002290BE /* SceneDelegate.swift */; };
		4EAC74612C20DA5A002290BE /* Main.storyboard in Resources */ = {isa = PBXBuildFile; fileRef = 4EAC745F2C20DA5A002290BE /* Main.storyboard */; };
		4EAC74632C20DA5C002290BE /* Assets.xcassets in Resources */ = {isa = PBXBuildFile; fileRef = 4EAC74622C20DA5C002290BE /* Assets.xcassets */; };
		4EAC74662C20DA5C002290BE /* LaunchScreen.storyboard in Resources */ = {isa = PBXBuildFile; fileRef = 4EAC74642C20DA5C002290BE /* LaunchScreen.storyboard */; };
		4EAC74712C20DA5C002290BE /* iTunesArtists_MVVMTests.swift in Sources */ = {isa = PBXBuildFile; fileRef = 4EAC74702C20DA5C002290BE /* iTunesArtists_MVVMTests.swift */; };
		4EAC747B2C20DA5C002290BE /* iTunesArtists_MVVMUITests.swift in Sources */ = {isa = PBXBuildFile; fileRef = 4EAC747A2C20DA5C002290BE /* iTunesArtists_MVVMUITests.swift */; };
		4EAC747D2C20DA5C002290BE /* iTunesArtists_MVVMUITestsLaunchTests.swift in Sources */ = {isa = PBXBuildFile; fileRef = 4EAC747C2C20DA5C002290BE /* iTunesArtists_MVVMUITestsLaunchTests.swift */; };
		4EAC748E2C20DAD0002290BE /* ArtistViewController.swift in Sources */ = {isa = PBXBuildFile; fileRef = 4EAC748D2C20DAD0002290BE /* ArtistViewController.swift */; };
		4EAC74902C20DB0B002290BE /* ArtistTableViewController.swift in Sources */ = {isa = PBXBuildFile; fileRef = 4EAC748F2C20DB0B002290BE /* ArtistTableViewController.swift */; };
		4EAC74922C20DB20002290BE /* Constants.swift in Sources */ = {isa = PBXBuildFile; fileRef = 4EAC74912C20DB20002290BE /* Constants.swift */; };
		4EAC74942C20DB3A002290BE /* Models.swift in Sources */ = {isa = PBXBuildFile; fileRef = 4EAC74932C20DB3A002290BE /* Models.swift */; };
		4EAC74962C20DB52002290BE /* ViewModel.swift in Sources */ = {isa = PBXBuildFile; fileRef = 4EAC74952C20DB52002290BE /* ViewModel.swift */; };
		4EAC74992C20DB96002290BE /* ArtistTableViewCell.swift in Sources */ = {isa = PBXBuildFile; fileRef = 4EAC74982C20DB96002290BE /* ArtistTableViewCell.swift */; };
		4EAC749C2C20DC18002290BE /* API Manager.swift in Sources */ = {isa = PBXBuildFile; fileRef = 4EAC749B2C20DC18002290BE /* API Manager.swift */; };
		B3715FEE448E62C5EA36DB1E /* Pods_iTunesArtists_MVVM_iTunesArtists_MVVMUITests.framework in Frameworks */ = {isa = PBXBuildFile; fileRef = B91BAF05CC60BB3040088B17 /* Pods_iTunesArtists_MVVM_iTunesArtists_MVVMUITests.framework */; };
/* End PBXBuildFile section */

/* Begin PBXContainerItemProxy section */
		4EAC746D2C20DA5C002290BE /* PBXContainerItemProxy */ = {
			isa = PBXContainerItemProxy;
			containerPortal = 4EAC744E2C20DA5A002290BE /* Project object */;
			proxyType = 1;
			remoteGlobalIDString = 4EAC74552C20DA5A002290BE;
			remoteInfo = iTunesArtists_MVVM;
		};
		4EAC74772C20DA5C002290BE /* PBXContainerItemProxy */ = {
			isa = PBXContainerItemProxy;
			containerPortal = 4EAC744E2C20DA5A002290BE /* Project object */;
			proxyType = 1;
			remoteGlobalIDString = 4EAC74552C20DA5A002290BE;
			remoteInfo = iTunesArtists_MVVM;
		};
/* End PBXContainerItemProxy section */

/* Begin PBXFileReference section */
		2583D2B16F62D7FC96F8AE80 /* Pods-iTunesArtists_MVVM.debug.xcconfig */ = {isa = PBXFileReference; includeInIndex = 1; lastKnownFileType = text.xcconfig; name = "Pods-iTunesArtists_MVVM.debug.xcconfig"; path = "Target Support Files/Pods-iTunesArtists_MVVM/Pods-iTunesArtists_MVVM.debug.xcconfig"; sourceTree = "<group>"; };
		28C95EFD50DC31927C79140C /* Pods_iTunesArtists_MVVMTests.framework */ = {isa = PBXFileReference; explicitFileType = wrapper.framework; includeInIndex = 0; path = Pods_iTunesArtists_MVVMTests.framework; sourceTree = BUILT_PRODUCTS_DIR; };
		4E11EB1B2C26187100005268 /* MockAPIManager.swift */ = {isa = PBXFileReference; lastKnownFileType = sourcecode.swift; path = MockAPIManager.swift; sourceTree = "<group>"; };
		4EAC74562C20DA5A002290BE /* iTunesArtists_MVVM.app */ = {isa = PBXFileReference; explicitFileType = wrapper.application; includeInIndex = 0; path = iTunesArtists_MVVM.app; sourceTree = BUILT_PRODUCTS_DIR; };
		4EAC74592C20DA5A002290BE /* AppDelegate.swift */ = {isa = PBXFileReference; lastKnownFileType = sourcecode.swift; path = AppDelegate.swift; sourceTree = "<group>"; };
		4EAC745B2C20DA5A002290BE /* SceneDelegate.swift */ = {isa = PBXFileReference; lastKnownFileType = sourcecode.swift; path = SceneDelegate.swift; sourceTree = "<group>"; };
		4EAC74602C20DA5A002290BE /* Base */ = {isa = PBXFileReference; lastKnownFileType = file.storyboard; name = Base; path = Base.lproj/Main.storyboard; sourceTree = "<group>"; };
		4EAC74622C20DA5C002290BE /* Assets.xcassets */ = {isa = PBXFileReference; lastKnownFileType = folder.assetcatalog; path = Assets.xcassets; sourceTree = "<group>"; };
		4EAC74652C20DA5C002290BE /* Base */ = {isa = PBXFileReference; lastKnownFileType = file.storyboard; name = Base; path = Base.lproj/LaunchScreen.storyboard; sourceTree = "<group>"; };
		4EAC74672C20DA5C002290BE /* Info.plist */ = {isa = PBXFileReference; lastKnownFileType = text.plist.xml; path = Info.plist; sourceTree = "<group>"; };
		4EAC746C2C20DA5C002290BE /* iTunesArtists_MVVMTests.xctest */ = {isa = PBXFileReference; explicitFileType = wrapper.cfbundle; includeInIndex = 0; path = iTunesArtists_MVVMTests.xctest; sourceTree = BUILT_PRODUCTS_DIR; };
		4EAC74702C20DA5C002290BE /* iTunesArtists_MVVMTests.swift */ = {isa = PBXFileReference; lastKnownFileType = sourcecode.swift; path = iTunesArtists_MVVMTests.swift; sourceTree = "<group>"; };
		4EAC74762C20DA5C002290BE /* iTunesArtists_MVVMUITests.xctest */ = {isa = PBXFileReference; explicitFileType = wrapper.cfbundle; includeInIndex = 0; path = iTunesArtists_MVVMUITests.xctest; sourceTree = BUILT_PRODUCTS_DIR; };
		4EAC747A2C20DA5C002290BE /* iTunesArtists_MVVMUITests.swift */ = {isa = PBXFileReference; lastKnownFileType = sourcecode.swift; path = iTunesArtists_MVVMUITests.swift; sourceTree = "<group>"; };
		4EAC747C2C20DA5C002290BE /* iTunesArtists_MVVMUITestsLaunchTests.swift */ = {isa = PBXFileReference; lastKnownFileType = sourcecode.swift; path = iTunesArtists_MVVMUITestsLaunchTests.swift; sourceTree = "<group>"; };
		4EAC748D2C20DAD0002290BE /* ArtistViewController.swift */ = {isa = PBXFileReference; lastKnownFileType = sourcecode.swift; path = ArtistViewController.swift; sourceTree = "<group>"; };
		4EAC748F2C20DB0B002290BE /* ArtistTableViewController.swift */ = {isa = PBXFileReference; lastKnownFileType = sourcecode.swift; path = ArtistTableViewController.swift; sourceTree = "<group>"; };
		4EAC74912C20DB20002290BE /* Constants.swift */ = {isa = PBXFileReference; lastKnownFileType = sourcecode.swift; path = Constants.swift; sourceTree = "<group>"; };
		4EAC74932C20DB3A002290BE /* Models.swift */ = {isa = PBXFileReference; lastKnownFileType = sourcecode.swift; path = Models.swift; sourceTree = "<group>"; };
		4EAC74952C20DB52002290BE /* ViewModel.swift */ = {isa = PBXFileReference; lastKnownFileType = sourcecode.swift; path = ViewModel.swift; sourceTree = "<group>"; };
		4EAC74982C20DB96002290BE /* ArtistTableViewCell.swift */ = {isa = PBXFileReference; lastKnownFileType = sourcecode.swift; path = ArtistTableViewCell.swift; sourceTree = "<group>"; };
		4EAC749B2C20DC18002290BE /* API Manager.swift */ = {isa = PBXFileReference; lastKnownFileType = sourcecode.swift; path = "API Manager.swift"; sourceTree = "<group>"; };
		5C9BF9439498FA9FC4A4A0FA /* Pods-iTunesArtists_MVVM.release.xcconfig */ = {isa = PBXFileReference; includeInIndex = 1; lastKnownFileType = text.xcconfig; name = "Pods-iTunesArtists_MVVM.release.xcconfig"; path = "Target Support Files/Pods-iTunesArtists_MVVM/Pods-iTunesArtists_MVVM.release.xcconfig"; sourceTree = "<group>"; };
		64140CAADCC1B1C72FD769F1 /* Pods-iTunesArtists_MVVMTests.release.xcconfig */ = {isa = PBXFileReference; includeInIndex = 1; lastKnownFileType = text.xcconfig; name = "Pods-iTunesArtists_MVVMTests.release.xcconfig"; path = "Target Support Files/Pods-iTunesArtists_MVVMTests/Pods-iTunesArtists_MVVMTests.release.xcconfig"; sourceTree = "<group>"; };
		785EB8C13A9CA1F84A62195B /* Pods-iTunesArtists_MVVMTests.debug.xcconfig */ = {isa = PBXFileReference; includeInIndex = 1; lastKnownFileType = text.xcconfig; name = "Pods-iTunesArtists_MVVMTests.debug.xcconfig"; path = "Target Support Files/Pods-iTunesArtists_MVVMTests/Pods-iTunesArtists_MVVMTests.debug.xcconfig"; sourceTree = "<group>"; };
		ACFF8D4EC609A38F1A6D5EE9 /* Pods-iTunesArtists_MVVM-iTunesArtists_MVVMUITests.release.xcconfig */ = {isa = PBXFileReference; includeInIndex = 1; lastKnownFileType = text.xcconfig; name = "Pods-iTunesArtists_MVVM-iTunesArtists_MVVMUITests.release.xcconfig"; path = "Target Support Files/Pods-iTunesArtists_MVVM-iTunesArtists_MVVMUITests/Pods-iTunesArtists_MVVM-iTunesArtists_MVVMUITests.release.xcconfig"; sourceTree = "<group>"; };
		B91BAF05CC60BB3040088B17 /* Pods_iTunesArtists_MVVM_iTunesArtists_MVVMUITests.framework */ = {isa = PBXFileReference; explicitFileType = wrapper.framework; includeInIndex = 0; path = Pods_iTunesArtists_MVVM_iTunesArtists_MVVMUITests.framework; sourceTree = BUILT_PRODUCTS_DIR; };
		D28DF5F46E4E5C1107B8FEBD /* Pods_iTunesArtists_MVVM.framework */ = {isa = PBXFileReference; explicitFileType = wrapper.framework; includeInIndex = 0; path = Pods_iTunesArtists_MVVM.framework; sourceTree = BUILT_PRODUCTS_DIR; };
		EAFD7B3525F94300EEA97602 /* Pods-iTunesArtists_MVVM-iTunesArtists_MVVMUITests.debug.xcconfig */ = {isa = PBXFileReference; includeInIndex = 1; lastKnownFileType = text.xcconfig; name = "Pods-iTunesArtists_MVVM-iTunesArtists_MVVMUITests.debug.xcconfig"; path = "Target Support Files/Pods-iTunesArtists_MVVM-iTunesArtists_MVVMUITests/Pods-iTunesArtists_MVVM-iTunesArtists_MVVMUITests.debug.xcconfig"; sourceTree = "<group>"; };
/* End PBXFileReference section */

/* Begin PBXFrameworksBuildPhase section */
		4EAC74532C20DA5A002290BE /* Frameworks */ = {
			isa = PBXFrameworksBuildPhase;
			buildActionMask = 2147483647;
			files = (
				4E7A507E2C2F235200003BC1 /* MBProgressHUD in Frameworks */,
				3EBB4AE562137B876063A563 /* Pods_iTunesArtists_MVVM.framework in Frameworks */,
			);
			runOnlyForDeploymentPostprocessing = 0;
		};
		4EAC74692C20DA5C002290BE /* Frameworks */ = {
			isa = PBXFrameworksBuildPhase;
			buildActionMask = 2147483647;
			files = (
				4325779BE03C7AED28F8E08A /* Pods_iTunesArtists_MVVMTests.framework in Frameworks */,
			);
			runOnlyForDeploymentPostprocessing = 0;
		};
		4EAC74732C20DA5C002290BE /* Frameworks */ = {
			isa = PBXFrameworksBuildPhase;
			buildActionMask = 2147483647;
			files = (
				B3715FEE448E62C5EA36DB1E /* Pods_iTunesArtists_MVVM_iTunesArtists_MVVMUITests.framework in Frameworks */,
			);
			runOnlyForDeploymentPostprocessing = 0;
		};
/* End PBXFrameworksBuildPhase section */

/* Begin PBXGroup section */
		0DD7D701F14034D7B1E07305 /* Pods */ = {
			isa = PBXGroup;
			children = (
				2583D2B16F62D7FC96F8AE80 /* Pods-iTunesArtists_MVVM.debug.xcconfig */,
				5C9BF9439498FA9FC4A4A0FA /* Pods-iTunesArtists_MVVM.release.xcconfig */,
				EAFD7B3525F94300EEA97602 /* Pods-iTunesArtists_MVVM-iTunesArtists_MVVMUITests.debug.xcconfig */,
				ACFF8D4EC609A38F1A6D5EE9 /* Pods-iTunesArtists_MVVM-iTunesArtists_MVVMUITests.release.xcconfig */,
				785EB8C13A9CA1F84A62195B /* Pods-iTunesArtists_MVVMTests.debug.xcconfig */,
				64140CAADCC1B1C72FD769F1 /* Pods-iTunesArtists_MVVMTests.release.xcconfig */,
			);
			name = Pods;
			path = Pods;
			sourceTree = "<group>";
		};
		4EAC744D2C20DA5A002290BE = {
			isa = PBXGroup;
			children = (
				4EAC74582C20DA5A002290BE /* iTunesArtists_MVVM */,
				4EAC746F2C20DA5C002290BE /* iTunesArtists_MVVMTests */,
				4EAC74792C20DA5C002290BE /* iTunesArtists_MVVMUITests */,
				4EAC74572C20DA5A002290BE /* Products */,
				0DD7D701F14034D7B1E07305 /* Pods */,
				A89B0892F4D1B34A4B172752 /* Frameworks */,
			);
			sourceTree = "<group>";
		};
		4EAC74572C20DA5A002290BE /* Products */ = {
			isa = PBXGroup;
			children = (
				4EAC74562C20DA5A002290BE /* iTunesArtists_MVVM.app */,
				4EAC746C2C20DA5C002290BE /* iTunesArtists_MVVMTests.xctest */,
				4EAC74762C20DA5C002290BE /* iTunesArtists_MVVMUITests.xctest */,
			);
			name = Products;
			sourceTree = "<group>";
		};
		4EAC74582C20DA5A002290BE /* iTunesArtists_MVVM */ = {
			isa = PBXGroup;
			children = (
				4EAC749A2C20DC00002290BE /* Network Manager */,
				4EAC74972C20DB76002290BE /* View */,
				4EAC748C2C20DA8E002290BE /* ViewController */,
				4EAC748B2C20DA87002290BE /* Common */,
				4EAC74892C20DA65002290BE /* Model */,
				4EAC748A2C20DA6C002290BE /* ViewModel */,
				4EAC74592C20DA5A002290BE /* AppDelegate.swift */,
				4EAC745B2C20DA5A002290BE /* SceneDelegate.swift */,
				4EAC74622C20DA5C002290BE /* Assets.xcassets */,
				4EAC74642C20DA5C002290BE /* LaunchScreen.storyboard */,
				4EAC74672C20DA5C002290BE /* Info.plist */,
			);
			path = iTunesArtists_MVVM;
			sourceTree = "<group>";
		};
		4EAC746F2C20DA5C002290BE /* iTunesArtists_MVVMTests */ = {
			isa = PBXGroup;
			children = (
				4EAC74702C20DA5C002290BE /* iTunesArtists_MVVMTests.swift */,
			);
			path = iTunesArtists_MVVMTests;
			sourceTree = "<group>";
		};
		4EAC74792C20DA5C002290BE /* iTunesArtists_MVVMUITests */ = {
			isa = PBXGroup;
			children = (
				4EAC747A2C20DA5C002290BE /* iTunesArtists_MVVMUITests.swift */,
				4EAC747C2C20DA5C002290BE /* iTunesArtists_MVVMUITestsLaunchTests.swift */,
			);
			path = iTunesArtists_MVVMUITests;
			sourceTree = "<group>";
		};
		4EAC74892C20DA65002290BE /* Model */ = {
			isa = PBXGroup;
			children = (
				4EAC74932C20DB3A002290BE /* Models.swift */,
			);
			path = Model;
			sourceTree = "<group>";
		};
		4EAC748A2C20DA6C002290BE /* ViewModel */ = {
			isa = PBXGroup;
			children = (
				4EAC74952C20DB52002290BE /* ViewModel.swift */,
			);
			path = ViewModel;
			sourceTree = "<group>";
		};
		4EAC748B2C20DA87002290BE /* Common */ = {
			isa = PBXGroup;
			children = (
				4EAC74912C20DB20002290BE /* Constants.swift */,
			);
			path = Common;
			sourceTree = "<group>";
		};
		4EAC748C2C20DA8E002290BE /* ViewController */ = {
			isa = PBXGroup;
			children = (
				4EAC748D2C20DAD0002290BE /* ArtistViewController.swift */,
				4EAC748F2C20DB0B002290BE /* ArtistTableViewController.swift */,
			);
			path = ViewController;
			sourceTree = "<group>";
		};
		4EAC74972C20DB76002290BE /* View */ = {
			isa = PBXGroup;
			children = (
				4EAC74982C20DB96002290BE /* ArtistTableViewCell.swift */,
				4EAC745F2C20DA5A002290BE /* Main.storyboard */,
			);
			path = View;
			sourceTree = "<group>";
		};
		4EAC749A2C20DC00002290BE /* Network Manager */ = {
			isa = PBXGroup;
			children = (
				4EAC749B2C20DC18002290BE /* API Manager.swift */,
				4E11EB1B2C26187100005268 /* MockAPIManager.swift */,
			);
			path = "Network Manager";
			sourceTree = "<group>";
		};
		A89B0892F4D1B34A4B172752 /* Frameworks */ = {
			isa = PBXGroup;
			children = (
				D28DF5F46E4E5C1107B8FEBD /* Pods_iTunesArtists_MVVM.framework */,
				B91BAF05CC60BB3040088B17 /* Pods_iTunesArtists_MVVM_iTunesArtists_MVVMUITests.framework */,
				28C95EFD50DC31927C79140C /* Pods_iTunesArtists_MVVMTests.framework */,
			);
			name = Frameworks;
			sourceTree = "<group>";
		};
/* End PBXGroup section */

/* Begin PBXNativeTarget section */
		4EAC74552C20DA5A002290BE /* iTunesArtists_MVVM */ = {
			isa = PBXNativeTarget;
			buildConfigurationList = 4EAC74802C20DA5C002290BE /* Build configuration list for PBXNativeTarget "iTunesArtists_MVVM" */;
			buildPhases = (
				34FBE42087619E3A2850B832 /* [CP] Check Pods Manifest.lock */,
				4EAC74522C20DA5A002290BE /* Sources */,
				4EAC74532C20DA5A002290BE /* Frameworks */,
				4EAC74542C20DA5A002290BE /* Resources */,
				18171CDB569B81B2A663A654 /* [CP] Embed Pods Frameworks */,
			);
			buildRules = (
			);
			dependencies = (
			);
			name = iTunesArtists_MVVM;
			packageProductDependencies = (
				4E7A507D2C2F235200003BC1 /* MBProgressHUD */,
			);
			productName = iTunesArtists_MVVM;
			productReference = 4EAC74562C20DA5A002290BE /* iTunesArtists_MVVM.app */;
			productType = "com.apple.product-type.application";
		};
		4EAC746B2C20DA5C002290BE /* iTunesArtists_MVVMTests */ = {
			isa = PBXNativeTarget;
			buildConfigurationList = 4EAC74832C20DA5C002290BE /* Build configuration list for PBXNativeTarget "iTunesArtists_MVVMTests" */;
			buildPhases = (
				C7096977D1A6784EBA31C528 /* [CP] Check Pods Manifest.lock */,
				4EAC74682C20DA5C002290BE /* Sources */,
				4EAC74692C20DA5C002290BE /* Frameworks */,
				4EAC746A2C20DA5C002290BE /* Resources */,
			);
			buildRules = (
			);
			dependencies = (
				4EAC746E2C20DA5C002290BE /* PBXTargetDependency */,
			);
			name = iTunesArtists_MVVMTests;
			productName = iTunesArtists_MVVMTests;
			productReference = 4EAC746C2C20DA5C002290BE /* iTunesArtists_MVVMTests.xctest */;
			productType = "com.apple.product-type.bundle.unit-test";
		};
		4EAC74752C20DA5C002290BE /* iTunesArtists_MVVMUITests */ = {
			isa = PBXNativeTarget;
			buildConfigurationList = 4EAC74862C20DA5C002290BE /* Build configuration list for PBXNativeTarget "iTunesArtists_MVVMUITests" */;
			buildPhases = (
				C1B0136075CEAFDB4C47B0FA /* [CP] Check Pods Manifest.lock */,
				4EAC74722C20DA5C002290BE /* Sources */,
				4EAC74732C20DA5C002290BE /* Frameworks */,
				4EAC74742C20DA5C002290BE /* Resources */,
				34E414927FB36CDE5A1F121C /* [CP] Embed Pods Frameworks */,
			);
			buildRules = (
			);
			dependencies = (
				4EAC74782C20DA5C002290BE /* PBXTargetDependency */,
			);
			name = iTunesArtists_MVVMUITests;
			productName = iTunesArtists_MVVMUITests;
			productReference = 4EAC74762C20DA5C002290BE /* iTunesArtists_MVVMUITests.xctest */;
			productType = "com.apple.product-type.bundle.ui-testing";
		};
/* End PBXNativeTarget section */

/* Begin PBXProject section */
		4EAC744E2C20DA5A002290BE /* Project object */ = {
			isa = PBXProject;
			attributes = {
				BuildIndependentTargetsInParallel = 1;
				LastSwiftUpdateCheck = 1340;
				LastUpgradeCheck = 1340;
				TargetAttributes = {
					4EAC74552C20DA5A002290BE = {
						CreatedOnToolsVersion = 13.4.1;
					};
					4EAC746B2C20DA5C002290BE = {
						CreatedOnToolsVersion = 13.4.1;
						TestTargetID = 4EAC74552C20DA5A002290BE;
					};
					4EAC74752C20DA5C002290BE = {
						CreatedOnToolsVersion = 13.4.1;
						TestTargetID = 4EAC74552C20DA5A002290BE;
					};
				};
			};
			buildConfigurationList = 4EAC74512C20DA5A002290BE /* Build configuration list for PBXProject "iTunesArtists_MVVM" */;
			compatibilityVersion = "Xcode 13.0";
			developmentRegion = en;
			hasScannedForEncodings = 0;
			knownRegions = (
				en,
				Base,
			);
			mainGroup = 4EAC744D2C20DA5A002290BE;
			packageReferences = (
				4E7A507C2C2F235200003BC1 /* XCRemoteSwiftPackageReference "MBProgressHUD" */,
			);
			productRefGroup = 4EAC74572C20DA5A002290BE /* Products */;
			projectDirPath = "";
			projectRoot = "";
			targets = (
				4EAC74552C20DA5A002290BE /* iTunesArtists_MVVM */,
				4EAC746B2C20DA5C002290BE /* iTunesArtists_MVVMTests */,
				4EAC74752C20DA5C002290BE /* iTunesArtists_MVVMUITests */,
			);
		};
/* End PBXProject section */

/* Begin PBXResourcesBuildPhase section */
		4EAC74542C20DA5A002290BE /* Resources */ = {
			isa = PBXResourcesBuildPhase;
			buildActionMask = 2147483647;
			files = (
				4EAC74662C20DA5C002290BE /* LaunchScreen.storyboard in Resources */,
				4EAC74632C20DA5C002290BE /* Assets.xcassets in Resources */,
				4EAC74612C20DA5A002290BE /* Main.storyboard in Resources */,
			);
			runOnlyForDeploymentPostprocessing = 0;
		};
		4EAC746A2C20DA5C002290BE /* Resources */ = {
			isa = PBXResourcesBuildPhase;
			buildActionMask = 2147483647;
			files = (
			);
			runOnlyForDeploymentPostprocessing = 0;
		};
		4EAC74742C20DA5C002290BE /* Resources */ = {
			isa = PBXResourcesBuildPhase;
			buildActionMask = 2147483647;
			files = (
			);
			runOnlyForDeploymentPostprocessing = 0;
		};
/* End PBXResourcesBuildPhase section */

/* Begin PBXShellScriptBuildPhase section */
		18171CDB569B81B2A663A654 /* [CP] Embed Pods Frameworks */ = {
			isa = PBXShellScriptBuildPhase;
			buildActionMask = 2147483647;
			files = (
			);
			inputFileListPaths = (
				"${PODS_ROOT}/Target Support Files/Pods-iTunesArtists_MVVM/Pods-iTunesArtists_MVVM-frameworks-${CONFIGURATION}-input-files.xcfilelist",
			);
			name = "[CP] Embed Pods Frameworks";
			outputFileListPaths = (
				"${PODS_ROOT}/Target Support Files/Pods-iTunesArtists_MVVM/Pods-iTunesArtists_MVVM-frameworks-${CONFIGURATION}-output-files.xcfilelist",
			);
			runOnlyForDeploymentPostprocessing = 0;
			shellPath = /bin/sh;
			shellScript = "\"${PODS_ROOT}/Target Support Files/Pods-iTunesArtists_MVVM/Pods-iTunesArtists_MVVM-frameworks.sh\"\n";
			showEnvVarsInLog = 0;
		};
		34E414927FB36CDE5A1F121C /* [CP] Embed Pods Frameworks */ = {
			isa = PBXShellScriptBuildPhase;
			buildActionMask = 2147483647;
			files = (
			);
			inputFileListPaths = (
				"${PODS_ROOT}/Target Support Files/Pods-iTunesArtists_MVVM-iTunesArtists_MVVMUITests/Pods-iTunesArtists_MVVM-iTunesArtists_MVVMUITests-frameworks-${CONFIGURATION}-input-files.xcfilelist",
			);
			name = "[CP] Embed Pods Frameworks";
			outputFileListPaths = (
				"${PODS_ROOT}/Target Support Files/Pods-iTunesArtists_MVVM-iTunesArtists_MVVMUITests/Pods-iTunesArtists_MVVM-iTunesArtists_MVVMUITests-frameworks-${CONFIGURATION}-output-files.xcfilelist",
			);
			runOnlyForDeploymentPostprocessing = 0;
			shellPath = /bin/sh;
			shellScript = "\"${PODS_ROOT}/Target Support Files/Pods-iTunesArtists_MVVM-iTunesArtists_MVVMUITests/Pods-iTunesArtists_MVVM-iTunesArtists_MVVMUITests-frameworks.sh\"\n";
			showEnvVarsInLog = 0;
		};
		34FBE42087619E3A2850B832 /* [CP] Check Pods Manifest.lock */ = {
			isa = PBXShellScriptBuildPhase;
			buildActionMask = 2147483647;
			files = (
			);
			inputFileListPaths = (
			);
			inputPaths = (
				"${PODS_PODFILE_DIR_PATH}/Podfile.lock",
				"${PODS_ROOT}/Manifest.lock",
			);
			name = "[CP] Check Pods Manifest.lock";
			outputFileListPaths = (
			);
			outputPaths = (
				"$(DERIVED_FILE_DIR)/Pods-iTunesArtists_MVVM-checkManifestLockResult.txt",
			);
			runOnlyForDeploymentPostprocessing = 0;
			shellPath = /bin/sh;
			shellScript = "diff \"${PODS_PODFILE_DIR_PATH}/Podfile.lock\" \"${PODS_ROOT}/Manifest.lock\" > /dev/null\nif [ $? != 0 ] ; then\n    # print error to STDERR\n    echo \"error: The sandbox is not in sync with the Podfile.lock. Run 'pod install' or update your CocoaPods installation.\" >&2\n    exit 1\nfi\n# This output is used by Xcode 'outputs' to avoid re-running this script phase.\necho \"SUCCESS\" > \"${SCRIPT_OUTPUT_FILE_0}\"\n";
			showEnvVarsInLog = 0;
		};
		C1B0136075CEAFDB4C47B0FA /* [CP] Check Pods Manifest.lock */ = {
			isa = PBXShellScriptBuildPhase;
			buildActionMask = 2147483647;
			files = (
			);
			inputFileListPaths = (
			);
			inputPaths = (
				"${PODS_PODFILE_DIR_PATH}/Podfile.lock",
				"${PODS_ROOT}/Manifest.lock",
			);
			name = "[CP] Check Pods Manifest.lock";
			outputFileListPaths = (
			);
			outputPaths = (
				"$(DERIVED_FILE_DIR)/Pods-iTunesArtists_MVVM-iTunesArtists_MVVMUITests-checkManifestLockResult.txt",
			);
			runOnlyForDeploymentPostprocessing = 0;
			shellPath = /bin/sh;
			shellScript = "diff \"${PODS_PODFILE_DIR_PATH}/Podfile.lock\" \"${PODS_ROOT}/Manifest.lock\" > /dev/null\nif [ $? != 0 ] ; then\n    # print error to STDERR\n    echo \"error: The sandbox is not in sync with the Podfile.lock. Run 'pod install' or update your CocoaPods installation.\" >&2\n    exit 1\nfi\n# This output is used by Xcode 'outputs' to avoid re-running this script phase.\necho \"SUCCESS\" > \"${SCRIPT_OUTPUT_FILE_0}\"\n";
			showEnvVarsInLog = 0;
		};
		C7096977D1A6784EBA31C528 /* [CP] Check Pods Manifest.lock */ = {
			isa = PBXShellScriptBuildPhase;
			buildActionMask = 2147483647;
			files = (
			);
			inputFileListPaths = (
			);
			inputPaths = (
				"${PODS_PODFILE_DIR_PATH}/Podfile.lock",
				"${PODS_ROOT}/Manifest.lock",
			);
			name = "[CP] Check Pods Manifest.lock";
			outputFileListPaths = (
			);
			outputPaths = (
				"$(DERIVED_FILE_DIR)/Pods-iTunesArtists_MVVMTests-checkManifestLockResult.txt",
			);
			runOnlyForDeploymentPostprocessing = 0;
			shellPath = /bin/sh;
			shellScript = "diff \"${PODS_PODFILE_DIR_PATH}/Podfile.lock\" \"${PODS_ROOT}/Manifest.lock\" > /dev/null\nif [ $? != 0 ] ; then\n    # print error to STDERR\n    echo \"error: The sandbox is not in sync with the Podfile.lock. Run 'pod install' or update your CocoaPods installation.\" >&2\n    exit 1\nfi\n# This output is used by Xcode 'outputs' to avoid re-running this script phase.\necho \"SUCCESS\" > \"${SCRIPT_OUTPUT_FILE_0}\"\n";
			showEnvVarsInLog = 0;
		};
/* End PBXShellScriptBuildPhase section */

/* Begin PBXSourcesBuildPhase section */
		4EAC74522C20DA5A002290BE /* Sources */ = {
			isa = PBXSourcesBuildPhase;
			buildActionMask = 2147483647;
			files = (
				4EAC74922C20DB20002290BE /* Constants.swift in Sources */,
				4EAC749C2C20DC18002290BE /* API Manager.swift in Sources */,
				4EAC74902C20DB0B002290BE /* ArtistTableViewController.swift in Sources */,
				4EAC745A2C20DA5A002290BE /* AppDelegate.swift in Sources */,
				4EAC74942C20DB3A002290BE /* Models.swift in Sources */,
				4EAC745C2C20DA5A002290BE /* SceneDelegate.swift in Sources */,
				4EAC748E2C20DAD0002290BE /* ArtistViewController.swift in Sources */,
				4EAC74992C20DB96002290BE /* ArtistTableViewCell.swift in Sources */,
				4E11EB1C2C26187100005268 /* MockAPIManager.swift in Sources */,
				4EAC74962C20DB52002290BE /* ViewModel.swift in Sources */,
			);
			runOnlyForDeploymentPostprocessing = 0;
		};
		4EAC74682C20DA5C002290BE /* Sources */ = {
			isa = PBXSourcesBuildPhase;
			buildActionMask = 2147483647;
			files = (
				4EAC74712C20DA5C002290BE /* iTunesArtists_MVVMTests.swift in Sources */,
			);
			runOnlyForDeploymentPostprocessing = 0;
		};
		4EAC74722C20DA5C002290BE /* Sources */ = {
			isa = PBXSourcesBuildPhase;
			buildActionMask = 2147483647;
			files = (
				4EAC747B2C20DA5C002290BE /* iTunesArtists_MVVMUITests.swift in Sources */,
				4EAC747D2C20DA5C002290BE /* iTunesArtists_MVVMUITestsLaunchTests.swift in Sources */,
			);
			runOnlyForDeploymentPostprocessing = 0;
		};
/* End PBXSourcesBuildPhase section */

/* Begin PBXTargetDependency section */
		4EAC746E2C20DA5C002290BE /* PBXTargetDependency */ = {
			isa = PBXTargetDependency;
			target = 4EAC74552C20DA5A002290BE /* iTunesArtists_MVVM */;
			targetProxy = 4EAC746D2C20DA5C002290BE /* PBXContainerItemProxy */;
		};
		4EAC74782C20DA5C002290BE /* PBXTargetDependency */ = {
			isa = PBXTargetDependency;
			target = 4EAC74552C20DA5A002290BE /* iTunesArtists_MVVM */;
			targetProxy = 4EAC74772C20DA5C002290BE /* PBXContainerItemProxy */;
		};
/* End PBXTargetDependency section */

/* Begin PBXVariantGroup section */
		4EAC745F2C20DA5A002290BE /* Main.storyboard */ = {
			isa = PBXVariantGroup;
			children = (
				4EAC74602C20DA5A002290BE /* Base */,
			);
			name = Main.storyboard;
			sourceTree = "<group>";
		};
		4EAC74642C20DA5C002290BE /* LaunchScreen.storyboard */ = {
			isa = PBXVariantGroup;
			children = (
				4EAC74652C20DA5C002290BE /* Base */,
			);
			name = LaunchScreen.storyboard;
			sourceTree = "<group>";
		};
/* End PBXVariantGroup section */

/* Begin XCBuildConfiguration section */
		4EAC747E2C20DA5C002290BE /* Debug */ = {
			isa = XCBuildConfiguration;
			buildSettings = {
				ALWAYS_SEARCH_USER_PATHS = NO;
				CLANG_ANALYZER_NONNULL = YES;
				CLANG_ANALYZER_NUMBER_OBJECT_CONVERSION = YES_AGGRESSIVE;
				CLANG_CXX_LANGUAGE_STANDARD = "gnu++17";
				CLANG_ENABLE_MODULES = YES;
				CLANG_ENABLE_OBJC_ARC = YES;
				CLANG_ENABLE_OBJC_WEAK = YES;
				CLANG_WARN_BLOCK_CAPTURE_AUTORELEASING = YES;
				CLANG_WARN_BOOL_CONVERSION = YES;
				CLANG_WARN_COMMA = YES;
				CLANG_WARN_CONSTANT_CONVERSION = YES;
				CLANG_WARN_DEPRECATED_OBJC_IMPLEMENTATIONS = YES;
				CLANG_WARN_DIRECT_OBJC_ISA_USAGE = YES_ERROR;
				CLANG_WARN_DOCUMENTATION_COMMENTS = YES;
				CLANG_WARN_EMPTY_BODY = YES;
				CLANG_WARN_ENUM_CONVERSION = YES;
				CLANG_WARN_INFINITE_RECURSION = YES;
				CLANG_WARN_INT_CONVERSION = YES;
				CLANG_WARN_NON_LITERAL_NULL_CONVERSION = YES;
				CLANG_WARN_OBJC_IMPLICIT_RETAIN_SELF = YES;
				CLANG_WARN_OBJC_LITERAL_CONVERSION = YES;
				CLANG_WARN_OBJC_ROOT_CLASS = YES_ERROR;
				CLANG_WARN_QUOTED_INCLUDE_IN_FRAMEWORK_HEADER = YES;
				CLANG_WARN_RANGE_LOOP_ANALYSIS = YES;
				CLANG_WARN_STRICT_PROTOTYPES = YES;
				CLANG_WARN_SUSPICIOUS_MOVE = YES;
				CLANG_WARN_UNGUARDED_AVAILABILITY = YES_AGGRESSIVE;
				CLANG_WARN_UNREACHABLE_CODE = YES;
				CLANG_WARN__DUPLICATE_METHOD_MATCH = YES;
				COPY_PHASE_STRIP = NO;
				DEBUG_INFORMATION_FORMAT = dwarf;
				ENABLE_STRICT_OBJC_MSGSEND = YES;
				ENABLE_TESTABILITY = YES;
				GCC_C_LANGUAGE_STANDARD = gnu11;
				GCC_DYNAMIC_NO_PIC = NO;
				GCC_NO_COMMON_BLOCKS = YES;
				GCC_OPTIMIZATION_LEVEL = 0;
				GCC_PREPROCESSOR_DEFINITIONS = (
					"DEBUG=1",
					"$(inherited)",
				);
				GCC_WARN_64_TO_32_BIT_CONVERSION = YES;
				GCC_WARN_ABOUT_RETURN_TYPE = YES_ERROR;
				GCC_WARN_UNDECLARED_SELECTOR = YES;
				GCC_WARN_UNINITIALIZED_AUTOS = YES_AGGRESSIVE;
				GCC_WARN_UNUSED_FUNCTION = YES;
				GCC_WARN_UNUSED_VARIABLE = YES;
				IPHONEOS_DEPLOYMENT_TARGET = 15.5;
				MTL_ENABLE_DEBUG_INFO = INCLUDE_SOURCE;
				MTL_FAST_MATH = YES;
				ONLY_ACTIVE_ARCH = YES;
				SDKROOT = iphoneos;
				SWIFT_ACTIVE_COMPILATION_CONDITIONS = DEBUG;
				SWIFT_OPTIMIZATION_LEVEL = "-Onone";
			};
			name = Debug;
		};
		4EAC747F2C20DA5C002290BE /* Release */ = {
			isa = XCBuildConfiguration;
			buildSettings = {
				ALWAYS_SEARCH_USER_PATHS = NO;
				CLANG_ANALYZER_NONNULL = YES;
				CLANG_ANALYZER_NUMBER_OBJECT_CONVERSION = YES_AGGRESSIVE;
				CLANG_CXX_LANGUAGE_STANDARD = "gnu++17";
				CLANG_ENABLE_MODULES = YES;
				CLANG_ENABLE_OBJC_ARC = YES;
				CLANG_ENABLE_OBJC_WEAK = YES;
				CLANG_WARN_BLOCK_CAPTURE_AUTORELEASING = YES;
				CLANG_WARN_BOOL_CONVERSION = YES;
				CLANG_WARN_COMMA = YES;
				CLANG_WARN_CONSTANT_CONVERSION = YES;
				CLANG_WARN_DEPRECATED_OBJC_IMPLEMENTATIONS = YES;
				CLANG_WARN_DIRECT_OBJC_ISA_USAGE = YES_ERROR;
				CLANG_WARN_DOCUMENTATION_COMMENTS = YES;
				CLANG_WARN_EMPTY_BODY = YES;
				CLANG_WARN_ENUM_CONVERSION = YES;
				CLANG_WARN_INFINITE_RECURSION = YES;
				CLANG_WARN_INT_CONVERSION = YES;
				CLANG_WARN_NON_LITERAL_NULL_CONVERSION = YES;
				CLANG_WARN_OBJC_IMPLICIT_RETAIN_SELF = YES;
				CLANG_WARN_OBJC_LITERAL_CONVERSION = YES;
				CLANG_WARN_OBJC_ROOT_CLASS = YES_ERROR;
				CLANG_WARN_QUOTED_INCLUDE_IN_FRAMEWORK_HEADER = YES;
				CLANG_WARN_RANGE_LOOP_ANALYSIS = YES;
				CLANG_WARN_STRICT_PROTOTYPES = YES;
				CLANG_WARN_SUSPICIOUS_MOVE = YES;
				CLANG_WARN_UNGUARDED_AVAILABILITY = YES_AGGRESSIVE;
				CLANG_WARN_UNREACHABLE_CODE = YES;
				CLANG_WARN__DUPLICATE_METHOD_MATCH = YES;
				COPY_PHASE_STRIP = NO;
				DEBUG_INFORMATION_FORMAT = "dwarf-with-dsym";
				ENABLE_NS_ASSERTIONS = NO;
				ENABLE_STRICT_OBJC_MSGSEND = YES;
				GCC_C_LANGUAGE_STANDARD = gnu11;
				GCC_NO_COMMON_BLOCKS = YES;
				GCC_WARN_64_TO_32_BIT_CONVERSION = YES;
				GCC_WARN_ABOUT_RETURN_TYPE = YES_ERROR;
				GCC_WARN_UNDECLARED_SELECTOR = YES;
				GCC_WARN_UNINITIALIZED_AUTOS = YES_AGGRESSIVE;
				GCC_WARN_UNUSED_FUNCTION = YES;
				GCC_WARN_UNUSED_VARIABLE = YES;
				IPHONEOS_DEPLOYMENT_TARGET = 15.5;
				MTL_ENABLE_DEBUG_INFO = NO;
				MTL_FAST_MATH = YES;
				SDKROOT = iphoneos;
				SWIFT_COMPILATION_MODE = wholemodule;
				SWIFT_OPTIMIZATION_LEVEL = "-O";
				VALIDATE_PRODUCT = YES;
			};
			name = Release;
		};
		4EAC74812C20DA5C002290BE /* Debug */ = {
			isa = XCBuildConfiguration;
			baseConfigurationReference = 2583D2B16F62D7FC96F8AE80 /* Pods-iTunesArtists_MVVM.debug.xcconfig */;
			buildSettings = {
				ASSETCATALOG_COMPILER_APPICON_NAME = AppIcon;
				ASSETCATALOG_COMPILER_GLOBAL_ACCENT_COLOR_NAME = AccentColor;
				CODE_SIGN_STYLE = Automatic;
				CURRENT_PROJECT_VERSION = 1;
				GENERATE_INFOPLIST_FILE = YES;
				INFOPLIST_FILE = iTunesArtists_MVVM/Info.plist;
				INFOPLIST_KEY_UIApplicationSupportsIndirectInputEvents = YES;
				INFOPLIST_KEY_UILaunchStoryboardName = LaunchScreen;
				INFOPLIST_KEY_UIMainStoryboardFile = Main;
				INFOPLIST_KEY_UISupportedInterfaceOrientations_iPad = "UIInterfaceOrientationPortrait UIInterfaceOrientationPortraitUpsideDown UIInterfaceOrientationLandscapeLeft UIInterfaceOrientationLandscapeRight";
				INFOPLIST_KEY_UISupportedInterfaceOrientations_iPhone = "UIInterfaceOrientationPortrait UIInterfaceOrientationLandscapeLeft UIInterfaceOrientationLandscapeRight";
				LD_RUNPATH_SEARCH_PATHS = (
					"$(inherited)",
					"@executable_path/Frameworks",
				);
				MARKETING_VERSION = 1.0;
				PRODUCT_BUNDLE_IDENTIFIER = "com.sai.development.iTunesArtists-MVVM";
				PRODUCT_NAME = "$(TARGET_NAME)";
				SWIFT_EMIT_LOC_STRINGS = YES;
				SWIFT_VERSION = 5.0;
				TARGETED_DEVICE_FAMILY = "1,2";
			};
			name = Debug;
		};
		4EAC74822C20DA5C002290BE /* Release */ = {
			isa = XCBuildConfiguration;
			baseConfigurationReference = 5C9BF9439498FA9FC4A4A0FA /* Pods-iTunesArtists_MVVM.release.xcconfig */;
			buildSettings = {
				ASSETCATALOG_COMPILER_APPICON_NAME = AppIcon;
				ASSETCATALOG_COMPILER_GLOBAL_ACCENT_COLOR_NAME = AccentColor;
				CODE_SIGN_STYLE = Automatic;
				CURRENT_PROJECT_VERSION = 1;
				GENERATE_INFOPLIST_FILE = YES;
				INFOPLIST_FILE = iTunesArtists_MVVM/Info.plist;
				INFOPLIST_KEY_UIApplicationSupportsIndirectInputEvents = YES;
				INFOPLIST_KEY_UILaunchStoryboardName = LaunchScreen;
				INFOPLIST_KEY_UIMainStoryboardFile = Main;
				INFOPLIST_KEY_UISupportedInterfaceOrientations_iPad = "UIInterfaceOrientationPortrait UIInterfaceOrientationPortraitUpsideDown UIInterfaceOrientationLandscapeLeft UIInterfaceOrientationLandscapeRight";
				INFOPLIST_KEY_UISupportedInterfaceOrientations_iPhone = "UIInterfaceOrientationPortrait UIInterfaceOrientationLandscapeLeft UIInterfaceOrientationLandscapeRight";
				LD_RUNPATH_SEARCH_PATHS = (
					"$(inherited)",
					"@executable_path/Frameworks",
				);
				MARKETING_VERSION = 1.0;
				PRODUCT_BUNDLE_IDENTIFIER = "com.sai.development.iTunesArtists-MVVM";
				PRODUCT_NAME = "$(TARGET_NAME)";
				SWIFT_EMIT_LOC_STRINGS = YES;
				SWIFT_VERSION = 5.0;
				TARGETED_DEVICE_FAMILY = "1,2";
			};
			name = Release;
		};
		4EAC74842C20DA5C002290BE /* Debug */ = {
			isa = XCBuildConfiguration;
			baseConfigurationReference = 785EB8C13A9CA1F84A62195B /* Pods-iTunesArtists_MVVMTests.debug.xcconfig */;
			buildSettings = {
				ALWAYS_EMBED_SWIFT_STANDARD_LIBRARIES = YES;
				BUNDLE_LOADER = "$(TEST_HOST)";
				CODE_SIGN_STYLE = Automatic;
				CURRENT_PROJECT_VERSION = 1;
				GENERATE_INFOPLIST_FILE = YES;
				IPHONEOS_DEPLOYMENT_TARGET = 15.5;
				MARKETING_VERSION = 1.0;
				PRODUCT_BUNDLE_IDENTIFIER = "com.sai.development.iTunesArtists-MVVMTests";
				PRODUCT_NAME = "$(TARGET_NAME)";
				SWIFT_EMIT_LOC_STRINGS = NO;
				SWIFT_VERSION = 5.0;
				TARGETED_DEVICE_FAMILY = "1,2";
				TEST_HOST = "$(BUILT_PRODUCTS_DIR)/iTunesArtists_MVVM.app/iTunesArtists_MVVM";
			};
			name = Debug;
		};
		4EAC74852C20DA5C002290BE /* Release */ = {
			isa = XCBuildConfiguration;
			baseConfigurationReference = 64140CAADCC1B1C72FD769F1 /* Pods-iTunesArtists_MVVMTests.release.xcconfig */;
			buildSettings = {
				ALWAYS_EMBED_SWIFT_STANDARD_LIBRARIES = YES;
				BUNDLE_LOADER = "$(TEST_HOST)";
				CODE_SIGN_STYLE = Automatic;
				CURRENT_PROJECT_VERSION = 1;
				GENERATE_INFOPLIST_FILE = YES;
				IPHONEOS_DEPLOYMENT_TARGET = 15.5;
				MARKETING_VERSION = 1.0;
				PRODUCT_BUNDLE_IDENTIFIER = "com.sai.development.iTunesArtists-MVVMTests";
				PRODUCT_NAME = "$(TARGET_NAME)";
				SWIFT_EMIT_LOC_STRINGS = NO;
				SWIFT_VERSION = 5.0;
				TARGETED_DEVICE_FAMILY = "1,2";
				TEST_HOST = "$(BUILT_PRODUCTS_DIR)/iTunesArtists_MVVM.app/iTunesArtists_MVVM";
			};
			name = Release;
		};
		4EAC74872C20DA5C002290BE /* Debug */ = {
			isa = XCBuildConfiguration;
			baseConfigurationReference = EAFD7B3525F94300EEA97602 /* Pods-iTunesArtists_MVVM-iTunesArtists_MVVMUITests.debug.xcconfig */;
			buildSettings = {
				ALWAYS_EMBED_SWIFT_STANDARD_LIBRARIES = YES;
				CODE_SIGN_STYLE = Automatic;
				CURRENT_PROJECT_VERSION = 1;
				GENERATE_INFOPLIST_FILE = YES;
				MARKETING_VERSION = 1.0;
				PRODUCT_BUNDLE_IDENTIFIER = "com.sai.development.iTunesArtists-MVVMUITests";
				PRODUCT_NAME = "$(TARGET_NAME)";
				SWIFT_EMIT_LOC_STRINGS = NO;
				SWIFT_VERSION = 5.0;
				TARGETED_DEVICE_FAMILY = "1,2";
				TEST_TARGET_NAME = iTunesArtists_MVVM;
			};
			name = Debug;
		};
		4EAC74882C20DA5C002290BE /* Release */ = {
			isa = XCBuildConfiguration;
			baseConfigurationReference = ACFF8D4EC609A38F1A6D5EE9 /* Pods-iTunesArtists_MVVM-iTunesArtists_MVVMUITests.release.xcconfig */;
			buildSettings = {
				ALWAYS_EMBED_SWIFT_STANDARD_LIBRARIES = YES;
				CODE_SIGN_STYLE = Automatic;
				CURRENT_PROJECT_VERSION = 1;
				GENERATE_INFOPLIST_FILE = YES;
				MARKETING_VERSION = 1.0;
				PRODUCT_BUNDLE_IDENTIFIER = "com.sai.development.iTunesArtists-MVVMUITests";
				PRODUCT_NAME = "$(TARGET_NAME)";
				SWIFT_EMIT_LOC_STRINGS = NO;
				SWIFT_VERSION = 5.0;
				TARGETED_DEVICE_FAMILY = "1,2";
				TEST_TARGET_NAME = iTunesArtists_MVVM;
			};
			name = Release;
		};
/* End XCBuildConfiguration section */

/* Begin XCConfigurationList section */
		4EAC74512C20DA5A002290BE /* Build configuration list for PBXProject "iTunesArtists_MVVM" */ = {
			isa = XCConfigurationList;
			buildConfigurations = (
				4EAC747E2C20DA5C002290BE /* Debug */,
				4EAC747F2C20DA5C002290BE /* Release */,
			);
			defaultConfigurationIsVisible = 0;
			defaultConfigurationName = Release;
		};
		4EAC74802C20DA5C002290BE /* Build configuration list for PBXNativeTarget "iTunesArtists_MVVM" */ = {
			isa = XCConfigurationList;
			buildConfigurations = (
				4EAC74812C20DA5C002290BE /* Debug */,
				4EAC74822C20DA5C002290BE /* Release */,
			);
			defaultConfigurationIsVisible = 0;
			defaultConfigurationName = Release;
		};
		4EAC74832C20DA5C002290BE /* Build configuration list for PBXNativeTarget "iTunesArtists_MVVMTests" */ = {
			isa = XCConfigurationList;
			buildConfigurations = (
				4EAC74842C20DA5C002290BE /* Debug */,
				4EAC74852C20DA5C002290BE /* Release */,
			);
			defaultConfigurationIsVisible = 0;
			defaultConfigurationName = Release;
		};
		4EAC74862C20DA5C002290BE /* Build configuration list for PBXNativeTarget "iTunesArtists_MVVMUITests" */ = {
			isa = XCConfigurationList;
			buildConfigurations = (
				4EAC74872C20DA5C002290BE /* Debug */,
				4EAC74882C20DA5C002290BE /* Release */,
			);
			defaultConfigurationIsVisible = 0;
			defaultConfigurationName = Release;
		};
/* End XCConfigurationList section */

/* Begin XCRemoteSwiftPackageReference section */
		4E7A507C2C2F235200003BC1 /* XCRemoteSwiftPackageReference "MBProgressHUD" */ = {
			isa = XCRemoteSwiftPackageReference;
			repositoryURL = "https://github.com/jdg/MBProgressHUD.git";
			requirement = {
				kind = upToNextMajorVersion;
				minimumVersion = 1.0.0;
			};
		};
/* End XCRemoteSwiftPackageReference section */

/* Begin XCSwiftPackageProductDependency section */
		4E7A507D2C2F235200003BC1 /* MBProgressHUD */ = {
			isa = XCSwiftPackageProductDependency;
			package = 4E7A507C2C2F235200003BC1 /* XCRemoteSwiftPackageReference "MBProgressHUD" */;
			productName = MBProgressHUD;
		};
/* End XCSwiftPackageProductDependency section */
	};
	rootObject = 4EAC744E2C20DA5A002290BE /* Project object */;
}
